
Microsoft Visual Studio Solution File, Format Version 12.00
# Visual Studio Version 17
VisualStudioVersion = 17.13.35919.96 d17.13
MinimumVisualStudioVersion = 10.0.40219.1
Project("{FAE04EC0-301F-11D3-BF4B-00C04F79EFBC}") = "Grocery Store Management", "Grocery Store Management\Grocery Store Management.csproj", "{27AAA530-82F4-468F-829B-4CEDE17C54B0}"
EndProject
Global
	GlobalSection(SolutionConfigurationPlatforms) = preSolution
		Debug|Any CPU = Debug|Any CPU
		Release|Any CPU = Release|Any CPU
	EndGlobalSection
	GlobalSection(ProjectConfigurationPlatforms) = postSolution
		{27AAA530-82F4-468F-829B-4CEDE17C54B0}.Debug|Any CPU.ActiveCfg = Debug|Any CPU
		{27AAA530-82F4-468F-829B-4CEDE17C54B0}.Debug|Any CPU.Build.0 = Debug|Any CPU
		{27AAA530-82F4-468F-829B-4CEDE17C54B0}.Release|Any CPU.ActiveCfg = Release|Any CPU
		{27AAA530-82F4-468F-829B-4CEDE17C54B0}.Release|Any CPU.Build.0 = Release|Any CPU
	EndGlobalSection
	GlobalSection(SolutionProperties) = preSolution
		HideSolutionNode = FALSE
	EndGlobalSection
	GlobalSection(ExtensibilityGlobals) = postSolution
		SolutionGuid = {35F72646-A5F2-4713-AF36-ECD306D3C957}
	EndGlobalSection
EndGlobal
